// !$*UTF8*$!
{
	archiveVersion = 1;
	classes = {
	};
	objectVersion = 56;
	objects = {

/* Begin PBXBuildFile section */
		1BC271072A2AA0CB00BCFA8F /* DarlyApp.swift in Sources */ = {isa = PBXBuildFile; fileRef = 1BC271062A2AA0CB00BCFA8F /* DarlyApp.swift */; };
		1BC271092A2AA0CB00BCFA8F /* ContentView.swift in Sources */ = {isa = PBXBuildFile; fileRef = 1BC271082A2AA0CB00BCFA8F /* ContentView.swift */; };
		1BC2710B2A2AA0CD00BCFA8F /* Assets.xcassets in Resources */ = {isa = PBXBuildFile; fileRef = 1BC2710A2A2AA0CD00BCFA8F /* Assets.xcassets */; };
		1BC2710E2A2AA0CD00BCFA8F /* Preview Assets.xcassets in Resources */ = {isa = PBXBuildFile; fileRef = 1BC2710D2A2AA0CD00BCFA8F /* Preview Assets.xcassets */; };
		1BC271182A2AA0CD00BCFA8F /* DarlyTests.swift in Sources */ = {isa = PBXBuildFile; fileRef = 1BC271172A2AA0CD00BCFA8F /* DarlyTests.swift */; };
		1BC271222A2AA0CD00BCFA8F /* DarlyUITests.swift in Sources */ = {isa = PBXBuildFile; fileRef = 1BC271212A2AA0CD00BCFA8F /* DarlyUITests.swift */; };
		1BC271242A2AA0CD00BCFA8F /* DarlyUITestsLaunchTests.swift in Sources */ = {isa = PBXBuildFile; fileRef = 1BC271232A2AA0CD00BCFA8F /* DarlyUITestsLaunchTests.swift */; };
/* End PBXBuildFile section */

/* Begin PBXContainerItemProxy section */
		1BC271142A2AA0CD00BCFA8F /* PBXContainerItemProxy */ = {
			isa = PBXContainerItemProxy;
			containerPortal = 1BC270FB2A2AA0CB00BCFA8F /* Project object */;
			proxyType = 1;
			remoteGlobalIDString = 1BC271022A2AA0CB00BCFA8F;
			remoteInfo = Darly;
		};
		1BC2711E2A2AA0CD00BCFA8F /* PBXContainerItemProxy */ = {
			isa = PBXContainerItemProxy;
			containerPortal = 1BC270FB2A2AA0CB00BCFA8F /* Project object */;
			proxyType = 1;
			remoteGlobalIDString = 1BC271022A2AA0CB00BCFA8F;
			remoteInfo = Darly;
		};
/* End PBXContainerItemProxy section */

/* Begin PBXFileReference section */
		1BC271032A2AA0CB00BCFA8F /* Darly.app */ = {isa = PBXFileReference; explicitFileType = wrapper.application; includeInIndex = 0; path = Darly.app; sourceTree = BUILT_PRODUCTS_DIR; };
		1BC271062A2AA0CB00BCFA8F /* DarlyApp.swift */ = {isa = PBXFileReference; lastKnownFileType = sourcecode.swift; path = DarlyApp.swift; sourceTree = "<group>"; };
		1BC271082A2AA0CB00BCFA8F /* ContentView.swift */ = {isa = PBXFileReference; lastKnownFileType = sourcecode.swift; path = ContentView.swift; sourceTree = "<group>"; };
		1BC2710A2A2AA0CD00BCFA8F /* Assets.xcassets */ = {isa = PBXFileReference; lastKnownFileType = folder.assetcatalog; path = Assets.xcassets; sourceTree = "<group>"; };
		1BC2710D2A2AA0CD00BCFA8F /* Preview Assets.xcassets */ = {isa = PBXFileReference; lastKnownFileType = folder.assetcatalog; path = "Preview Assets.xcassets"; sourceTree = "<group>"; };
		1BC271132A2AA0CD00BCFA8F /* DarlyTests.xctest */ = {isa = PBXFileReference; explicitFileType = wrapper.cfbundle; includeInIndex = 0; path = DarlyTests.xctest; sourceTree = BUILT_PRODUCTS_DIR; };
		1BC271172A2AA0CD00BCFA8F /* DarlyTests.swift */ = {isa = PBXFileReference; lastKnownFileType = sourcecode.swift; path = DarlyTests.swift; sourceTree = "<group>"; };
		1BC2711D2A2AA0CD00BCFA8F /* DarlyUITests.xctest */ = {isa = PBXFileReference; explicitFileType = wrapper.cfbundle; includeInIndex = 0; path = DarlyUITests.xctest; sourceTree = BUILT_PRODUCTS_DIR; };
		1BC271212A2AA0CD00BCFA8F /* DarlyUITests.swift */ = {isa = PBXFileReference; lastKnownFileType = sourcecode.swift; path = DarlyUITests.swift; sourceTree = "<group>"; };
		1BC271232A2AA0CD00BCFA8F /* DarlyUITestsLaunchTests.swift */ = {isa = PBXFileReference; lastKnownFileType = sourcecode.swift; path = DarlyUITestsLaunchTests.swift; sourceTree = "<group>"; };
/* End PBXFileReference section */

/* Begin PBXFrameworksBuildPhase section */
		1BC271002A2AA0CB00BCFA8F /* Frameworks */ = {
			isa = PBXFrameworksBuildPhase;
			buildActionMask = 2147483647;
			files = (
			);
			runOnlyForDeploymentPostprocessing = 0;
		};
		1BC271102A2AA0CD00BCFA8F /* Frameworks */ = {
			isa = PBXFrameworksBuildPhase;
			buildActionMask = 2147483647;
			files = (
			);
			runOnlyForDeploymentPostprocessing = 0;
		};
		1BC2711A2A2AA0CD00BCFA8F /* Frameworks */ = {
			isa = PBXFrameworksBuildPhase;
			buildActionMask = 2147483647;
			files = (
			);
			runOnlyForDeploymentPostprocessing = 0;
		};
/* End PBXFrameworksBuildPhase section */

/* Begin PBXGroup section */
		1BC270FA2A2AA0CB00BCFA8F = {
			isa = PBXGroup;
			children = (
				1BC271052A2AA0CB00BCFA8F /* Darly */,
				1BC271162A2AA0CD00BCFA8F /* DarlyTests */,
				1BC271202A2AA0CD00BCFA8F /* DarlyUITests */,
				1BC271042A2AA0CB00BCFA8F /* Products */,
			);
			sourceTree = "<group>";
		};
		1BC271042A2AA0CB00BCFA8F /* Products */ = {
			isa = PBXGroup;
			children = (
				1BC271032A2AA0CB00BCFA8F /* Darly.app */,
				1BC271132A2AA0CD00BCFA8F /* DarlyTests.xctest */,
				1BC2711D2A2AA0CD00BCFA8F /* DarlyUITests.xctest */,
			);
			name = Products;
			sourceTree = "<group>";
		};
		1BC271052A2AA0CB00BCFA8F /* Darly */ = {
			isa = PBXGroup;
			children = (
				1BC271062A2AA0CB00BCFA8F /* DarlyApp.swift */,
				1BC271082A2AA0CB00BCFA8F /* ContentView.swift */,
				1BC2710A2A2AA0CD00BCFA8F /* Assets.xcassets */,
				1BC2710C2A2AA0CD00BCFA8F /* Preview Content */,
			);
			path = Darly;
			sourceTree = "<group>";
		};
		1BC2710C2A2AA0CD00BCFA8F /* Preview Content */ = {
			isa = PBXGroup;
			children = (
				1BC2710D2A2AA0CD00BCFA8F /* Preview Assets.xcassets */,
			);
			path = "Preview Content";
			sourceTree = "<group>";
		};
		1BC271162A2AA0CD00BCFA8F /* DarlyTests */ = {
			isa = PBXGroup;
			children = (
				1BC271172A2AA0CD00BCFA8F /* DarlyTests.swift */,
			);
			path = DarlyTests;
			sourceTree = "<group>";
		};
		1BC271202A2AA0CD00BCFA8F /* DarlyUITests */ = {
			isa = PBXGroup;
			children = (
				1BC271212A2AA0CD00BCFA8F /* DarlyUITests.swift */,
				1BC271232A2AA0CD00BCFA8F /* DarlyUITestsLaunchTests.swift */,
			);
			path = DarlyUITests;
			sourceTree = "<group>";
		};
/* End PBXGroup section */

/* Begin PBXNativeTarget section */
		1BC271022A2AA0CB00BCFA8F /* Darly */ = {
			isa = PBXNativeTarget;
			buildConfigurationList = 1BC271272A2AA0CD00BCFA8F /* Build configuration list for PBXNativeTarget "Darly" */;
			buildPhases = (
				1BC270FF2A2AA0CB00BCFA8F /* Sources */,
				1BC271002A2AA0CB00BCFA8F /* Frameworks */,
				1BC271012A2AA0CB00BCFA8F /* Resources */,
			);
			buildRules = (
			);
			dependencies = (
			);
			name = Darly;
			productName = Darly;
			productReference = 1BC271032A2AA0CB00BCFA8F /* Darly.app */;
			productType = "com.apple.product-type.application";
		};
		1BC271122A2AA0CD00BCFA8F /* DarlyTests */ = {
			isa = PBXNativeTarget;
			buildConfigurationList = 1BC2712A2A2AA0CD00BCFA8F /* Build configuration list for PBXNativeTarget "DarlyTests" */;
			buildPhases = (
				1BC2710F2A2AA0CD00BCFA8F /* Sources */,
				1BC271102A2AA0CD00BCFA8F /* Frameworks */,
				1BC271112A2AA0CD00BCFA8F /* Resources */,
			);
			buildRules = (
			);
			dependencies = (
				1BC271152A2AA0CD00BCFA8F /* PBXTargetDependency */,
			);
			name = DarlyTests;
			productName = DarlyTests;
			productReference = 1BC271132A2AA0CD00BCFA8F /* DarlyTests.xctest */;
			productType = "com.apple.product-type.bundle.unit-test";
		};
		1BC2711C2A2AA0CD00BCFA8F /* DarlyUITests */ = {
			isa = PBXNativeTarget;
			buildConfigurationList = 1BC2712D2A2AA0CD00BCFA8F /* Build configuration list for PBXNativeTarget "DarlyUITests" */;
			buildPhases = (
				1BC271192A2AA0CD00BCFA8F /* Sources */,
				1BC2711A2A2AA0CD00BCFA8F /* Frameworks */,
				1BC2711B2A2AA0CD00BCFA8F /* Resources */,
			);
			buildRules = (
			);
			dependencies = (
				1BC2711F2A2AA0CD00BCFA8F /* PBXTargetDependency */,
			);
			name = DarlyUITests;
			productName = DarlyUITests;
			productReference = 1BC2711D2A2AA0CD00BCFA8F /* DarlyUITests.xctest */;
			productType = "com.apple.product-type.bundle.ui-testing";
		};
/* End PBXNativeTarget section */

/* Begin PBXProject section */
		1BC270FB2A2AA0CB00BCFA8F /* Project object */ = {
			isa = PBXProject;
			attributes = {
				BuildIndependentTargetsInParallel = 1;
				LastSwiftUpdateCheck = 1430;
				LastUpgradeCheck = 1430;
				TargetAttributes = {
					1BC271022A2AA0CB00BCFA8F = {
						CreatedOnToolsVersion = 14.3;
					};
					1BC271122A2AA0CD00BCFA8F = {
						CreatedOnToolsVersion = 14.3;
						TestTargetID = 1BC271022A2AA0CB00BCFA8F;
					};
					1BC2711C2A2AA0CD00BCFA8F = {
						CreatedOnToolsVersion = 14.3;
						TestTargetID = 1BC271022A2AA0CB00BCFA8F;
					};
				};
			};
			buildConfigurationList = 1BC270FE2A2AA0CB00BCFA8F /* Build configuration list for PBXProject "Darly" */;
			compatibilityVersion = "Xcode 14.0";
			developmentRegion = en;
			hasScannedForEncodings = 0;
			knownRegions = (
				en,
				Base,
			);
			mainGroup = 1BC270FA2A2AA0CB00BCFA8F;
			productRefGroup = 1BC271042A2AA0CB00BCFA8F /* Products */;
			projectDirPath = "";
			projectRoot = "";
			targets = (
				1BC271022A2AA0CB00BCFA8F /* Darly */,
				1BC271122A2AA0CD00BCFA8F /* DarlyTests */,
				1BC2711C2A2AA0CD00BCFA8F /* DarlyUITests */,
			);
		};
/* End PBXProject section */

/* Begin PBXResourcesBuildPhase section */
		1BC271012A2AA0CB00BCFA8F /* Resources */ = {
			isa = PBXResourcesBuildPhase;
			buildActionMask = 2147483647;
			files = (
				1BC2710E2A2AA0CD00BCFA8F /* Preview Assets.xcassets in Resources */,
				1BC2710B2A2AA0CD00BCFA8F /* Assets.xcassets in Resources */,
			);
			runOnlyForDeploymentPostprocessing = 0;
		};
		1BC271112A2AA0CD00BCFA8F /* Resources */ = {
			isa = PBXResourcesBuildPhase;
			buildActionMask = 2147483647;
			files = (
			);
			runOnlyForDeploymentPostprocessing = 0;
		};
		1BC2711B2A2AA0CD00BCFA8F /* Resources */ = {
			isa = PBXResourcesBuildPhase;
			buildActionMask = 2147483647;
			files = (
			);
			runOnlyForDeploymentPostprocessing = 0;
		};
/* End PBXResourcesBuildPhase section */

/* Begin PBXSourcesBuildPhase section */
		1BC270FF2A2AA0CB00BCFA8F /* Sources */ = {
			isa = PBXSourcesBuildPhase;
			buildActionMask = 2147483647;
			files = (
				1BC271092A2AA0CB00BCFA8F /* ContentView.swift in Sources */,
				1BC271072A2AA0CB00BCFA8F /* DarlyApp.swift in Sources */,
			);
			runOnlyForDeploymentPostprocessing = 0;
		};
		1BC2710F2A2AA0CD00BCFA8F /* Sources */ = {
			isa = PBXSourcesBuildPhase;
			buildActionMask = 2147483647;
			files = (
				1BC271182A2AA0CD00BCFA8F /* DarlyTests.swift in Sources */,
			);
			runOnlyForDeploymentPostprocessing = 0;
		};
		1BC271192A2AA0CD00BCFA8F /* Sources */ = {
			isa = PBXSourcesBuildPhase;
			buildActionMask = 2147483647;
			files = (
				1BC271222A2AA0CD00BCFA8F /* DarlyUITests.swift in Sources */,
				1BC271242A2AA0CD00BCFA8F /* DarlyUITestsLaunchTests.swift in Sources */,
			);
			runOnlyForDeploymentPostprocessing = 0;
		};
/* End PBXSourcesBuildPhase section */

/* Begin PBXTargetDependency section */
		1BC271152A2AA0CD00BCFA8F /* PBXTargetDependency */ = {
			isa = PBXTargetDependency;
			target = 1BC271022A2AA0CB00BCFA8F /* Darly */;
			targetProxy = 1BC271142A2AA0CD00BCFA8F /* PBXContainerItemProxy */;
		};
		1BC2711F2A2AA0CD00BCFA8F /* PBXTargetDependency */ = {
			isa = PBXTargetDependency;
			target = 1BC271022A2AA0CB00BCFA8F /* Darly */;
			targetProxy = 1BC2711E2A2AA0CD00BCFA8F /* PBXContainerItemProxy */;
		};
/* End PBXTargetDependency section */

/* Begin XCBuildConfiguration section */
		1BC271252A2AA0CD00BCFA8F /* Debug */ = {
			isa = XCBuildConfiguration;
			buildSettings = {
				ALWAYS_SEARCH_USER_PATHS = NO;
				CLANG_ANALYZER_NONNULL = YES;
				CLANG_ANALYZER_NUMBER_OBJECT_CONVERSION = YES_AGGRESSIVE;
				CLANG_CXX_LANGUAGE_STANDARD = "gnu++20";
				CLANG_ENABLE_MODULES = YES;
				CLANG_ENABLE_OBJC_ARC = YES;
				CLANG_ENABLE_OBJC_WEAK = YES;
				CLANG_WARN_BLOCK_CAPTURE_AUTORELEASING = YES;
				CLANG_WARN_BOOL_CONVERSION = YES;
				CLANG_WARN_COMMA = YES;
				CLANG_WARN_CONSTANT_CONVERSION = YES;
				CLANG_WARN_DEPRECATED_OBJC_IMPLEMENTATIONS = YES;
				CLANG_WARN_DIRECT_OBJC_ISA_USAGE = YES_ERROR;
				CLANG_WARN_DOCUMENTATION_COMMENTS = YES;
				CLANG_WARN_EMPTY_BODY = YES;
				CLANG_WARN_ENUM_CONVERSION = YES;
				CLANG_WARN_INFINITE_RECURSION = YES;
				CLANG_WARN_INT_CONVERSION = YES;
				CLANG_WARN_NON_LITERAL_NULL_CONVERSION = YES;
				CLANG_WARN_OBJC_IMPLICIT_RETAIN_SELF = YES;
				CLANG_WARN_OBJC_LITERAL_CONVERSION = YES;
				CLANG_WARN_OBJC_ROOT_CLASS = YES_ERROR;
				CLANG_WARN_QUOTED_INCLUDE_IN_FRAMEWORK_HEADER = YES;
				CLANG_WARN_RANGE_LOOP_ANALYSIS = YES;
				CLANG_WARN_STRICT_PROTOTYPES = YES;
				CLANG_WARN_SUSPICIOUS_MOVE = YES;
				CLANG_WARN_UNGUARDED_AVAILABILITY = YES_AGGRESSIVE;
				CLANG_WARN_UNREACHABLE_CODE = YES;
				CLANG_WARN__DUPLICATE_METHOD_MATCH = YES;
				COPY_PHASE_STRIP = NO;
				DEBUG_INFORMATION_FORMAT = dwarf;
				ENABLE_STRICT_OBJC_MSGSEND = YES;
				ENABLE_TESTABILITY = YES;
				GCC_C_LANGUAGE_STANDARD = gnu11;
				GCC_DYNAMIC_NO_PIC = NO;
				GCC_NO_COMMON_BLOCKS = YES;
				GCC_OPTIMIZATION_LEVEL = 0;
				GCC_PREPROCESSOR_DEFINITIONS = (
					"DEBUG=1",
					"$(inherited)",
				);
				GCC_WARN_64_TO_32_BIT_CONVERSION = YES;
				GCC_WARN_ABOUT_RETURN_TYPE = YES_ERROR;
				GCC_WARN_UNDECLARED_SELECTOR = YES;
				GCC_WARN_UNINITIALIZED_AUTOS = YES_AGGRESSIVE;
				GCC_WARN_UNUSED_FUNCTION = YES;
				GCC_WARN_UNUSED_VARIABLE = YES;
				IPHONEOS_DEPLOYMENT_TARGET = 16.4;
				MTL_ENABLE_DEBUG_INFO = INCLUDE_SOURCE;
				MTL_FAST_MATH = YES;
				ONLY_ACTIVE_ARCH = YES;
				SDKROOT = iphoneos;
				SWIFT_ACTIVE_COMPILATION_CONDITIONS = DEBUG;
				SWIFT_OPTIMIZATION_LEVEL = "-Onone";
			};
			name = Debug;
		};
		1BC271262A2AA0CD00BCFA8F /* Release */ = {
			isa = XCBuildConfiguration;
			buildSettings = {
				ALWAYS_SEARCH_USER_PATHS = NO;
				CLANG_ANALYZER_NONNULL = YES;
				CLANG_ANALYZER_NUMBER_OBJECT_CONVERSION = YES_AGGRESSIVE;
				CLANG_CXX_LANGUAGE_STANDARD = "gnu++20";
				CLANG_ENABLE_MODULES = YES;
				CLANG_ENABLE_OBJC_ARC = YES;
				CLANG_ENABLE_OBJC_WEAK = YES;
				CLANG_WARN_BLOCK_CAPTURE_AUTORELEASING = YES;
				CLANG_WARN_BOOL_CONVERSION = YES;
				CLANG_WARN_COMMA = YES;
				CLANG_WARN_CONSTANT_CONVERSION = YES;
				CLANG_WARN_DEPRECATED_OBJC_IMPLEMENTATIONS = YES;
				CLANG_WARN_DIRECT_OBJC_ISA_USAGE = YES_ERROR;
				CLANG_WARN_DOCUMENTATION_COMMENTS = YES;
				CLANG_WARN_EMPTY_BODY = YES;
				CLANG_WARN_ENUM_CONVERSION = YES;
				CLANG_WARN_INFINITE_RECURSION = YES;
				CLANG_WARN_INT_CONVERSION = YES;
				CLANG_WARN_NON_LITERAL_NULL_CONVERSION = YES;
				CLANG_WARN_OBJC_IMPLICIT_RETAIN_SELF = YES;
				CLANG_WARN_OBJC_LITERAL_CONVERSION = YES;
				CLANG_WARN_OBJC_ROOT_CLASS = YES_ERROR;
				CLANG_WARN_QUOTED_INCLUDE_IN_FRAMEWORK_HEADER = YES;
				CLANG_WARN_RANGE_LOOP_ANALYSIS = YES;
				CLANG_WARN_STRICT_PROTOTYPES = YES;
				CLANG_WARN_SUSPICIOUS_MOVE = YES;
				CLANG_WARN_UNGUARDED_AVAILABILITY = YES_AGGRESSIVE;
				CLANG_WARN_UNREACHABLE_CODE = YES;
				CLANG_WARN__DUPLICATE_METHOD_MATCH = YES;
				COPY_PHASE_STRIP = NO;
				DEBUG_INFORMATION_FORMAT = "dwarf-with-dsym";
				ENABLE_NS_ASSERTIONS = NO;
				ENABLE_STRICT_OBJC_MSGSEND = YES;
				GCC_C_LANGUAGE_STANDARD = gnu11;
				GCC_NO_COMMON_BLOCKS = YES;
				GCC_WARN_64_TO_32_BIT_CONVERSION = YES;
				GCC_WARN_ABOUT_RETURN_TYPE = YES_ERROR;
				GCC_WARN_UNDECLARED_SELECTOR = YES;
				GCC_WARN_UNINITIALIZED_AUTOS = YES_AGGRESSIVE;
				GCC_WARN_UNUSED_FUNCTION = YES;
				GCC_WARN_UNUSED_VARIABLE = YES;
				IPHONEOS_DEPLOYMENT_TARGET = 16.4;
				MTL_ENABLE_DEBUG_INFO = NO;
				MTL_FAST_MATH = YES;
				SDKROOT = iphoneos;
				SWIFT_COMPILATION_MODE = wholemodule;
				SWIFT_OPTIMIZATION_LEVEL = "-O";
				VALIDATE_PRODUCT = YES;
			};
			name = Release;
		};
		1BC271282A2AA0CD00BCFA8F /* Debug */ = {
			isa = XCBuildConfiguration;
			buildSettings = {
				ASSETCATALOG_COMPILER_APPICON_NAME = AppIcon;
				ASSETCATALOG_COMPILER_GLOBAL_ACCENT_COLOR_NAME = AccentColor;
				CODE_SIGN_STYLE = Automatic;
				CURRENT_PROJECT_VERSION = 1;
				DEVELOPMENT_ASSET_PATHS = "\"Darly/Preview Content\"";
				DEVELOPMENT_TEAM = 6MCJ3N7486;
				ENABLE_PREVIEWS = YES;
				GENERATE_INFOPLIST_FILE = YES;
				INFOPLIST_KEY_UIApplicationSceneManifest_Generation = YES;
				INFOPLIST_KEY_UIApplicationSupportsIndirectInputEvents = YES;
				INFOPLIST_KEY_UILaunchScreen_Generation = YES;
				INFOPLIST_KEY_UISupportedInterfaceOrientations_iPad = "UIInterfaceOrientationPortrait UIInterfaceOrientationPortraitUpsideDown UIInterfaceOrientationLandscapeLeft UIInterfaceOrientationLandscapeRight";
				INFOPLIST_KEY_UISupportedInterfaceOrientations_iPhone = "UIInterfaceOrientationPortrait UIInterfaceOrientationLandscapeLeft UIInterfaceOrientationLandscapeRight";
				LD_RUNPATH_SEARCH_PATHS = (
					"$(inherited)",
					"@executable_path/Frameworks",
				);
				MARKETING_VERSION = 1.0;
				PRODUCT_BUNDLE_IDENTIFIER = ru.onemgvv.Darly;
				PRODUCT_NAME = "$(TARGET_NAME)";
				SWIFT_EMIT_LOC_STRINGS = YES;
				SWIFT_VERSION = 5.0;
				TARGETED_DEVICE_FAMILY = "1,2";
			};
			name = Debug;
		};
		1BC271292A2AA0CD00BCFA8F /* Release */ = {
			isa = XCBuildConfiguration;
			buildSettings = {
				ASSETCATALOG_COMPILER_APPICON_NAME = AppIcon;
				ASSETCATALOG_COMPILER_GLOBAL_ACCENT_COLOR_NAME = AccentColor;
				CODE_SIGN_STYLE = Automatic;
				CURRENT_PROJECT_VERSION = 1;
				DEVELOPMENT_ASSET_PATHS = "\"Darly/Preview Content\"";
				DEVELOPMENT_TEAM = 6MCJ3N7486;
				ENABLE_PREVIEWS = YES;
				GENERATE_INFOPLIST_FILE = YES;
				INFOPLIST_KEY_UIApplicationSceneManifest_Generation = YES;
				INFOPLIST_KEY_UIApplicationSupportsIndirectInputEvents = YES;
				INFOPLIST_KEY_UILaunchScreen_Generation = YES;
				INFOPLIST_KEY_UISupportedInterfaceOrientations_iPad = "UIInterfaceOrientationPortrait UIInterfaceOrientationPortraitUpsideDown UIInterfaceOrientationLandscapeLeft UIInterfaceOrientationLandscapeRight";
				INFOPLIST_KEY_UISupportedInterfaceOrientations_iPhone = "UIInterfaceOrientationPortrait UIInterfaceOrientationLandscapeLeft UIInterfaceOrientationLandscapeRight";
				LD_RUNPATH_SEARCH_PATHS = (
					"$(inherited)",
					"@executable_path/Frameworks",
				);
				MARKETING_VERSION = 1.0;
				PRODUCT_BUNDLE_IDENTIFIER = ru.onemgvv.Darly;
				PRODUCT_NAME = "$(TARGET_NAME)";
				SWIFT_EMIT_LOC_STRINGS = YES;
				SWIFT_VERSION = 5.0;
				TARGETED_DEVICE_FAMILY = "1,2";
			};
			name = Release;
		};
		1BC2712B2A2AA0CD00BCFA8F /* Debug */ = {
			isa = XCBuildConfiguration;
			buildSettings = {
				ALWAYS_EMBED_SWIFT_STANDARD_LIBRARIES = YES;
				BUNDLE_LOADER = "$(TEST_HOST)";
				CODE_SIGN_STYLE = Automatic;
				CURRENT_PROJECT_VERSION = 1;
				DEVELOPMENT_TEAM = 6MCJ3N7486;
				GENERATE_INFOPLIST_FILE = YES;
				IPHONEOS_DEPLOYMENT_TARGET = 16.4;
				MARKETING_VERSION = 1.0;
				PRODUCT_BUNDLE_IDENTIFIER = ru.onemgvv.DarlyTests;
				PRODUCT_NAME = "$(TARGET_NAME)";
				SWIFT_EMIT_LOC_STRINGS = NO;
				SWIFT_VERSION = 5.0;
				TARGETED_DEVICE_FAMILY = "1,2";
				TEST_HOST = "$(BUILT_PRODUCTS_DIR)/Darly.app/$(BUNDLE_EXECUTABLE_FOLDER_PATH)/Darly";
			};
			name = Debug;
		};
		1BC2712C2A2AA0CD00BCFA8F /* Release */ = {
			isa = XCBuildConfiguration;
			buildSettings = {
				ALWAYS_EMBED_SWIFT_STANDARD_LIBRARIES = YES;
				BUNDLE_LOADER = "$(TEST_HOST)";
				CODE_SIGN_STYLE = Automatic;
				CURRENT_PROJECT_VERSION = 1;
				DEVELOPMENT_TEAM = 6MCJ3N7486;
				GENERATE_INFOPLIST_FILE = YES;
				IPHONEOS_DEPLOYMENT_TARGET = 16.4;
				MARKETING_VERSION = 1.0;
				PRODUCT_BUNDLE_IDENTIFIER = ru.onemgvv.DarlyTests;
				PRODUCT_NAME = "$(TARGET_NAME)";
				SWIFT_EMIT_LOC_STRINGS = NO;
				SWIFT_VERSION = 5.0;
				TARGETED_DEVICE_FAMILY = "1,2";
				TEST_HOST = "$(BUILT_PRODUCTS_DIR)/Darly.app/$(BUNDLE_EXECUTABLE_FOLDER_PATH)/Darly";
			};
			name = Release;
		};
		1BC2712E2A2AA0CD00BCFA8F /* Debug */ = {
			isa = XCBuildConfiguration;
			buildSettings = {
				ALWAYS_EMBED_SWIFT_STANDARD_LIBRARIES = YES;
				CODE_SIGN_STYLE = Automatic;
				CURRENT_PROJECT_VERSION = 1;
				DEVELOPMENT_TEAM = 6MCJ3N7486;
				GENERATE_INFOPLIST_FILE = YES;
				MARKETING_VERSION = 1.0;
				PRODUCT_BUNDLE_IDENTIFIER = ru.onemgvv.DarlyUITests;
				PRODUCT_NAME = "$(TARGET_NAME)";
				SWIFT_EMIT_LOC_STRINGS = NO;
				SWIFT_VERSION = 5.0;
				TARGETED_DEVICE_FAMILY = "1,2";
				TEST_TARGET_NAME = Darly;
			};
			name = Debug;
		};
		1BC2712F2A2AA0CD00BCFA8F /* Release */ = {
			isa = XCBuildConfiguration;
			buildSettings = {
				ALWAYS_EMBED_SWIFT_STANDARD_LIBRARIES = YES;
				CODE_SIGN_STYLE = Automatic;
				CURRENT_PROJECT_VERSION = 1;
				DEVELOPMENT_TEAM = 6MCJ3N7486;
				GENERATE_INFOPLIST_FILE = YES;
				MARKETING_VERSION = 1.0;
				PRODUCT_BUNDLE_IDENTIFIER = ru.onemgvv.DarlyUITests;
				PRODUCT_NAME = "$(TARGET_NAME)";
				SWIFT_EMIT_LOC_STRINGS = NO;
				SWIFT_VERSION = 5.0;
				TARGETED_DEVICE_FAMILY = "1,2";
				TEST_TARGET_NAME = Darly;
			};
			name = Release;
		};
/* End XCBuildConfiguration section */

/* Begin XCConfigurationList section */
		1BC270FE2A2AA0CB00BCFA8F /* Build configuration list for PBXProject "Darly" */ = {
			isa = XCConfigurationList;
			buildConfigurations = (
				1BC271252A2AA0CD00BCFA8F /* Debug */,
				1BC271262A2AA0CD00BCFA8F /* Release */,
			);
			defaultConfigurationIsVisible = 0;
			defaultConfigurationName = Release;
		};
		1BC271272A2AA0CD00BCFA8F /* Build configuration list for PBXNativeTarget "Darly" */ = {
			isa = XCConfigurationList;
			buildConfigurations = (
				1BC271282A2AA0CD00BCFA8F /* Debug */,
				1BC271292A2AA0CD00BCFA8F /* Release */,
			);
			defaultConfigurationIsVisible = 0;
			defaultConfigurationName = Release;
		};
		1BC2712A2A2AA0CD00BCFA8F /* Build configuration list for PBXNativeTarget "DarlyTests" */ = {
			isa = XCConfigurationList;
			buildConfigurations = (
				1BC2712B2A2AA0CD00BCFA8F /* Debug */,
				1BC2712C2A2AA0CD00BCFA8F /* Release */,
			);
			defaultConfigurationIsVisible = 0;
			defaultConfigurationName = Release;
		};
		1BC2712D2A2AA0CD00BCFA8F /* Build configuration list for PBXNativeTarget "DarlyUITests" */ = {
			isa = XCConfigurationList;
			buildConfigurations = (
				1BC2712E2A2AA0CD00BCFA8F /* Debug */,
				1BC2712F2A2AA0CD00BCFA8F /* Release */,
			);
			defaultConfigurationIsVisible = 0;
			defaultConfigurationName = Release;
		};
/* End XCConfigurationList section */
	};
	rootObject = 1BC270FB2A2AA0CB00BCFA8F /* Project object */;
}
